
Microsoft Visual Studio Solution File, Format Version 12.00
# Visual Studio Version 17
VisualStudioVersion = 17.0.31912.275
MinimumVisualStudioVersion = 10.0.40219.1
Project("{9A19103F-16F7-4668-BE54-9A1E7A4F7556}") = "test", "test\test.csproj", "{029E77A0-2950-473E-8274-AE555B1FC0E8}"
EndProject
Project("{2150E333-8FDC-42A3-9474-1A3956D46DE8}") = "BLL", "BLL", "{B7406D29-E9BB-4E43-9D9E-1B2E42A9EED8}"
EndProject
Project("{FAE04EC0-301F-11D3-BF4B-00C04F79EFBC}") = "Entities", "Entities\Entities.csproj", "{E78CE8DC-4366-4C5F-82DE-8EBAA795AFE3}"
EndProject
Project("{FAE04EC0-301F-11D3-BF4B-00C04F79EFBC}") = "EntitiesBLL", "EntitiesBLL\EntitiesBLL.csproj", "{92C9B066-A17C-4FCF-BF65-4D3E74DE7933}"
EndProject
Project("{2150E333-8FDC-42A3-9474-1A3956D46DE8}") = "DAL", "DAL", "{91CFA63F-7F4B-4621-9FFD-74FACFD79459}"
EndProject
Project("{FAE04EC0-301F-11D3-BF4B-00C04F79EFBC}") = "EntitiesDAL", "EntitiesDAL\EntitiesDAL.csproj", "{CBA8773B-767F-4C21-A2A4-B38ACB50BE30}"
EndProject
Project("{FAE04EC0-301F-11D3-BF4B-00C04F79EFBC}") = "ServiceBLL", "ServiceBLL\ServiceBLL.csproj", "{F752C381-911F-4664-BC19-47C368DB17F3}"
EndProject
Project("{FAE04EC0-301F-11D3-BF4B-00C04F79EFBC}") = "ServiceDAL", "ServiceDAL\ServiceDAL.csproj", "{B78458FB-8D51-40EA-9FB7-B9A0033078C6}"
EndProject
Project("{FAE04EC0-301F-11D3-BF4B-00C04F79EFBC}") = "Mappers", "Mappers\Mappers.csproj", "{DAE793DC-CBF6-403A-BCC7-CE026DAB1615}"
EndProject
Project("{FAE04EC0-301F-11D3-BF4B-00C04F79EFBC}") = "JSONProvider", "JSONProvider\JSONProvider.csproj", "{1BA16CC6-A3C6-426B-B09B-811441A18D71}"
EndProject
Project("{FAE04EC0-301F-11D3-BF4B-00C04F79EFBC}") = "Exceptions", "Exceptions\Exceptions.csproj", "{E68A7507-0DB6-46E6-A6A0-5000A9338DA9}"
EndProject
Project("{FAE04EC0-301F-11D3-BF4B-00C04F79EFBC}") = "ServiceBLLTests", "ServiceBLLTests\ServiceBLLTests.csproj", "{7C387A5D-D9F6-4050-ADFD-FF7E76043D7E}"
EndProject
Global
	GlobalSection(SolutionConfigurationPlatforms) = preSolution
		Debug|Any CPU = Debug|Any CPU
		Release|Any CPU = Release|Any CPU
	EndGlobalSection
	GlobalSection(ProjectConfigurationPlatforms) = postSolution
		{029E77A0-2950-473E-8274-AE555B1FC0E8}.Debug|Any CPU.ActiveCfg = Debug|Any CPU
		{029E77A0-2950-473E-8274-AE555B1FC0E8}.Debug|Any CPU.Build.0 = Debug|Any CPU
		{029E77A0-2950-473E-8274-AE555B1FC0E8}.Release|Any CPU.ActiveCfg = Release|Any CPU
		{029E77A0-2950-473E-8274-AE555B1FC0E8}.Release|Any CPU.Build.0 = Release|Any CPU
		{E78CE8DC-4366-4C5F-82DE-8EBAA795AFE3}.Debug|Any CPU.ActiveCfg = Debug|Any CPU
		{E78CE8DC-4366-4C5F-82DE-8EBAA795AFE3}.Debug|Any CPU.Build.0 = Debug|Any CPU
		{E78CE8DC-4366-4C5F-82DE-8EBAA795AFE3}.Release|Any CPU.ActiveCfg = Release|Any CPU
		{E78CE8DC-4366-4C5F-82DE-8EBAA795AFE3}.Release|Any CPU.Build.0 = Release|Any CPU
		{92C9B066-A17C-4FCF-BF65-4D3E74DE7933}.Debug|Any CPU.ActiveCfg = Debug|Any CPU
		{92C9B066-A17C-4FCF-BF65-4D3E74DE7933}.Debug|Any CPU.Build.0 = Debug|Any CPU
		{92C9B066-A17C-4FCF-BF65-4D3E74DE7933}.Release|Any CPU.ActiveCfg = Release|Any CPU
		{92C9B066-A17C-4FCF-BF65-4D3E74DE7933}.Release|Any CPU.Build.0 = Release|Any CPU
		{CBA8773B-767F-4C21-A2A4-B38ACB50BE30}.Debug|Any CPU.ActiveCfg = Debug|Any CPU
		{CBA8773B-767F-4C21-A2A4-B38ACB50BE30}.Debug|Any CPU.Build.0 = Debug|Any CPU
		{CBA8773B-767F-4C21-A2A4-B38ACB50BE30}.Release|Any CPU.ActiveCfg = Release|Any CPU
		{CBA8773B-767F-4C21-A2A4-B38ACB50BE30}.Release|Any CPU.Build.0 = Release|Any CPU
		{F752C381-911F-4664-BC19-47C368DB17F3}.Debug|Any CPU.ActiveCfg = Debug|Any CPU
		{F752C381-911F-4664-BC19-47C368DB17F3}.Debug|Any CPU.Build.0 = Debug|Any CPU
		{F752C381-911F-4664-BC19-47C368DB17F3}.Release|Any CPU.ActiveCfg = Release|Any CPU
		{F752C381-911F-4664-BC19-47C368DB17F3}.Release|Any CPU.Build.0 = Release|Any CPU
		{B78458FB-8D51-40EA-9FB7-B9A0033078C6}.Debug|Any CPU.ActiveCfg = Debug|Any CPU
		{B78458FB-8D51-40EA-9FB7-B9A0033078C6}.Debug|Any CPU.Build.0 = Debug|Any CPU
		{B78458FB-8D51-40EA-9FB7-B9A0033078C6}.Release|Any CPU.ActiveCfg = Release|Any CPU
		{B78458FB-8D51-40EA-9FB7-B9A0033078C6}.Release|Any CPU.Build.0 = Release|Any CPU
		{DAE793DC-CBF6-403A-BCC7-CE026DAB1615}.Debug|Any CPU.ActiveCfg = Debug|Any CPU
		{DAE793DC-CBF6-403A-BCC7-CE026DAB1615}.Debug|Any CPU.Build.0 = Debug|Any CPU
		{DAE793DC-CBF6-403A-BCC7-CE026DAB1615}.Release|Any CPU.ActiveCfg = Release|Any CPU
		{DAE793DC-CBF6-403A-BCC7-CE026DAB1615}.Release|Any CPU.Build.0 = Release|Any CPU
		{1BA16CC6-A3C6-426B-B09B-811441A18D71}.Debug|Any CPU.ActiveCfg = Debug|Any CPU
		{1BA16CC6-A3C6-426B-B09B-811441A18D71}.Debug|Any CPU.Build.0 = Debug|Any CPU
		{1BA16CC6-A3C6-426B-B09B-811441A18D71}.Release|Any CPU.ActiveCfg = Release|Any CPU
		{1BA16CC6-A3C6-426B-B09B-811441A18D71}.Release|Any CPU.Build.0 = Release|Any CPU
		{E68A7507-0DB6-46E6-A6A0-5000A9338DA9}.Debug|Any CPU.ActiveCfg = Debug|Any CPU
		{E68A7507-0DB6-46E6-A6A0-5000A9338DA9}.Debug|Any CPU.Build.0 = Debug|Any CPU
		{E68A7507-0DB6-46E6-A6A0-5000A9338DA9}.Release|Any CPU.ActiveCfg = Release|Any CPU
		{E68A7507-0DB6-46E6-A6A0-5000A9338DA9}.Release|Any CPU.Build.0 = Release|Any CPU
		{7C387A5D-D9F6-4050-ADFD-FF7E76043D7E}.Debug|Any CPU.ActiveCfg = Debug|Any CPU
		{7C387A5D-D9F6-4050-ADFD-FF7E76043D7E}.Debug|Any CPU.Build.0 = Debug|Any CPU
		{7C387A5D-D9F6-4050-ADFD-FF7E76043D7E}.Release|Any CPU.ActiveCfg = Release|Any CPU
		{7C387A5D-D9F6-4050-ADFD-FF7E76043D7E}.Release|Any CPU.Build.0 = Release|Any CPU
	EndGlobalSection
	GlobalSection(SolutionProperties) = preSolution
		HideSolutionNode = FALSE
	EndGlobalSection
	GlobalSection(NestedProjects) = preSolution
		{92C9B066-A17C-4FCF-BF65-4D3E74DE7933} = {B7406D29-E9BB-4E43-9D9E-1B2E42A9EED8}
		{CBA8773B-767F-4C21-A2A4-B38ACB50BE30} = {91CFA63F-7F4B-4621-9FFD-74FACFD79459}
		{F752C381-911F-4664-BC19-47C368DB17F3} = {B7406D29-E9BB-4E43-9D9E-1B2E42A9EED8}
		{B78458FB-8D51-40EA-9FB7-B9A0033078C6} = {91CFA63F-7F4B-4621-9FFD-74FACFD79459}
		{1BA16CC6-A3C6-426B-B09B-811441A18D71} = {91CFA63F-7F4B-4621-9FFD-74FACFD79459}
		{E68A7507-0DB6-46E6-A6A0-5000A9338DA9} = {B7406D29-E9BB-4E43-9D9E-1B2E42A9EED8}
	EndGlobalSection
	GlobalSection(ExtensibilityGlobals) = postSolution
		SolutionGuid = {6F2A4D7A-CA2A-4752-8362-93CFBCC2CFDF}
	EndGlobalSection
EndGlobal
